# This file is automatically @generated by Cargo.
# It is not intended for manual editing.
version = 3

[[package]]
name = "bfrust"
version = "0.1.0"
dependencies = [
 "rustop",
 "string-builder",
]

[[package]]
name = "rustop"
version = "1.1.2"
source = "registry+https://github.com/rust-lang/crates.io-index"
checksum = "cac77bea4e5c89acb455a2fe072bc19334cb130691af6e1bed4625d3f5396e89"

[[package]]
name = "string-builder"
version = "0.2.0"
source = "registry+https://github.com/rust-lang/crates.io-index"
checksum = "2bd10a070fb1f2796a288abec42695db4682a82b6f12ffacd60fb8d5ad3a4a12"
